
Microsoft Visual Studio Solution File, Format Version 12.00
# Visual Studio 2013
VisualStudioVersion = 12.0.40629.0
MinimumVisualStudioVersion = 10.0.40219.1
Project("{FAE04EC0-301F-11D3-BF4B-00C04F79EFBC}") = "kevoree-dotnet-comp-twitter-client", "kevoree-dotnet-comp-twitter-client.csproj", "{CCFE8FE4-ED50-45B8-BE4C-6DCFF1547BCB}"
EndProject
Global
	GlobalSection(SolutionConfigurationPlatforms) = preSolution
		Debug|Any CPU = Debug|Any CPU
		Release|Any CPU = Release|Any CPU
	EndGlobalSection
	GlobalSection(ProjectConfigurationPlatforms) = postSolution
		{CCFE8FE4-ED50-45B8-BE4C-6DCFF1547BCB}.Debug|Any CPU.ActiveCfg = Debug|Any CPU
		{CCFE8FE4-ED50-45B8-BE4C-6DCFF1547BCB}.Debug|Any CPU.Build.0 = Debug|Any CPU
		{CCFE8FE4-ED50-45B8-BE4C-6DCFF1547BCB}.Release|Any CPU.ActiveCfg = Release|Any CPU
		{CCFE8FE4-ED50-45B8-BE4C-6DCFF1547BCB}.Release|Any CPU.Build.0 = Release|Any CPU
	EndGlobalSection
	GlobalSection(SolutionProperties) = preSolution
		HideSolutionNode = FALSE
	EndGlobalSection
EndGlobal
